# This file is automatically generated by cargo-component.
# It is not intended for manual editing.
version = 1

[[package]]
name = "macovedj:hashimap"

[[package.version]]
requirement = "^0.1.0"
version = "0.1.0"
digest = "sha256:c75343ba8a19ea30dbbeb97fc96e108786415803b2d919777607d7edf2679d61"

[[package]]
name = "wasi:http"

[[package.version]]
requirement = "^0.2.0"
version = "0.2.0"
digest = "sha256:86b88194e2be1783f923cd87f7895c78278ca7ef8f854b29724914df6a5f38f2"
